
Microsoft Visual Studio Solution File, Format Version 12.00
# Visual Studio Version 17
VisualStudioVersion = 17.0.32014.148
MinimumVisualStudioVersion = 10.0.40219.1
Project("{FAE04EC0-301F-11D3-BF4B-00C04F79EFBC}") = "Nitro Code Gen", "Nitro Code Gen\Nitro Code Gen.csproj", "{9650D728-4684-41E2-ACB1-2942E728A37A}"
EndProject
Project("{2150E333-8FDC-42A3-9474-1A3956D46DE8}") = "Solution Items", "Solution Items", "{9086D0FE-5180-46E2-B721-A8F8A413B9AC}"
	ProjectSection(SolutionItems) = preProject
		.editorconfig = .editorconfig
	EndProjectSection
EndProject
Global
	GlobalSection(SolutionConfigurationPlatforms) = preSolution
		Debug|Any CPU = Debug|Any CPU
		Release|Any CPU = Release|Any CPU
	EndGlobalSection
	GlobalSection(ProjectConfigurationPlatforms) = postSolution
		{9650D728-4684-41E2-ACB1-2942E728A37A}.Debug|Any CPU.ActiveCfg = Debug|Any CPU
		{9650D728-4684-41E2-ACB1-2942E728A37A}.Debug|Any CPU.Build.0 = Debug|Any CPU
		{9650D728-4684-41E2-ACB1-2942E728A37A}.Release|Any CPU.ActiveCfg = Release|Any CPU
		{9650D728-4684-41E2-ACB1-2942E728A37A}.Release|Any CPU.Build.0 = Release|Any CPU
	EndGlobalSection
	GlobalSection(SolutionProperties) = preSolution
		HideSolutionNode = FALSE
	EndGlobalSection
	GlobalSection(ExtensibilityGlobals) = postSolution
		SolutionGuid = {EA2FEB98-DEFD-4CA8-899E-B9F589BA446E}
	EndGlobalSection
EndGlobal
